PODS:
  - Alamofire (4.8.1)
  - Kingfisher (4.10.1)
  - RxAlamofire (4.3.0):
    - RxAlamofire/Core (= 4.3.0)
  - RxAlamofire/Core (4.3.0):
    - Alamofire (~> 4.5)
    - RxSwift (~> 4)
  - RxAtomic (4.4.0)
  - RxCocoa (4.4.0):
    - RxSwift (~> 4.0)
  - RxKingfisher (0.3.1):
    - Kingfisher (~> 4)
    - RxCocoa (~> 4.3)
    - RxSwift (~> 4.3)
  - RxSwift (4.4.0):
    - RxAtomic (~> 4.4)

DEPENDENCIES:
  - RxAlamofire
  - RxCocoa
  - RxKingfisher
  - RxSwift

SPEC REPOS:
  https://github.com/cocoapods/specs.git:
    - Alamofire
    - Kingfisher
    - RxAlamofire
    - RxAtomic
    - RxCocoa
    - RxKingfisher
    - RxSwift

SPEC CHECKSUMS:
  Alamofire: 16ce2c353fb72865124ddae8a57c5942388f4f11
  Kingfisher: c148cd7b47ebde9989f6bc7c27dcaa79d81279a0
  RxAlamofire: 09624d0f2d48ed8b686e4eb4cf68e28cbd2df556
  RxAtomic: eacf60db868c96bfd63320e28619fe29c179656f
  RxCocoa: df63ebf7b9a70d6b4eeea407ed5dd4efc8979749
  RxKingfisher: d79612e7a6cab0b67d6e9b63fc1572fccc825afb
  RxSwift: 5976ecd04fc2fefd648827c23de5e11157faa973

PODFILE CHECKSUM: 8364ba6111af019285eb034e1ce082661a3aec2f

COCOAPODS: 1.5.3
